
Microsoft Visual Studio Solution File, Format Version 12.00
# Visual Studio Version 16
VisualStudioVersion = 16.0.32602.291
MinimumVisualStudioVersion = 10.0.40219.1
Project("{8BC9CEB8-8B4A-11D0-8D11-00A0C91BC942}") = "ch3vector3", "ch3vector3\ch3vector3.vcxproj", "{D1D53A36-95A1-4A8B-A194-7F95B5AA853C}"
EndProject
Project("{8BC9CEB8-8B4A-11D0-8D11-00A0C91BC942}") = "ch4", "ch4\ch4.vcxproj", "{C3F370FB-6EE1-4E33-A6A4-ECC956D86CF5}"
EndProject
Project("{8BC9CEB8-8B4A-11D0-8D11-00A0C91BC942}") = "ch2", "ch2\ch2.vcxproj", "{D5E18C9F-9B5D-4544-BB81-4C1C7F87BFC0}"
EndProject
Project("{8BC9CEB8-8B4A-11D0-8D11-00A0C91BC942}") = "ch5", "ch5\ch5.vcxproj", "{7AF6BE0B-72EF-4B1A-857A-2F66B83857A4}"
EndProject
Project("{8BC9CEB8-8B4A-11D0-8D11-00A0C91BC942}") = "ch6", "ch6\ch6.vcxproj", "{1094D138-FFE2-4459-BACF-E5F6DCD03605}"
EndProject
Project("{8BC9CEB8-8B4A-11D0-8D11-00A0C91BC942}") = "ch6_2", "ch6_2\ch6_2.vcxproj", "{580359EC-2606-4C84-BD90-B9207FC7CF58}"
EndProject
Project("{8BC9CEB8-8B4A-11D0-8D11-00A0C91BC942}") = "ch6_3", "ch6_3\ch6_3.vcxproj", "{BDB1CB30-A493-4004-9F84-0BD4D46ADB06}"
EndProject
Project("{8BC9CEB8-8B4A-11D0-8D11-00A0C91BC942}") = "ch7", "ch7\ch7.vcxproj", "{AC28190A-3B0F-43AF-AB00-A6FB4F95ADC9}"
EndProject
Project("{8BC9CEB8-8B4A-11D0-8D11-00A0C91BC942}") = "ch8_1", "ch8_1\ch8_1.vcxproj", "{FAF7C7DA-77AA-4590-AEEF-509A289C5328}"
EndProject
Project("{8BC9CEB8-8B4A-11D0-8D11-00A0C91BC942}") = "ch8_2", "ch8_2\ch8_2.vcxproj", "{0B9A8890-8E10-4203-9783-812BC5041F35}"
EndProject
Project("{8BC9CEB8-8B4A-11D0-8D11-00A0C91BC942}") = "ch8_3", "ch8_3\ch8_3.vcxproj", "{71813AAF-AACF-4B84-AE63-40FD7606B943}"
EndProject
Project("{8BC9CEB8-8B4A-11D0-8D11-00A0C91BC942}") = "ch8_4", "ch8_4\ch8_4.vcxproj", "{64DC742A-95F4-40B8-BA94-803C56392BEB}"
EndProject
Project("{8BC9CEB8-8B4A-11D0-8D11-00A0C91BC942}") = "ch8_5", "ch8_5\ch8_5.vcxproj", "{EE62250A-247D-43AC-BF1A-5C754B892D65}"
EndProject
Project("{8BC9CEB8-8B4A-11D0-8D11-00A0C91BC942}") = "ch9_1", "ch9_1\ch9_1.vcxproj", "{49F9D008-9182-43FC-92A9-3B24700FB069}"
EndProject
Project("{8BC9CEB8-8B4A-11D0-8D11-00A0C91BC942}") = "ch9_2", "ch9_2\ch9_2.vcxproj", "{7B9618D6-34AF-44CF-BD97-01C805DFE2B4}"
EndProject
Project("{8BC9CEB8-8B4A-11D0-8D11-00A0C91BC942}") = "ch9_0", "ch9_0\ch9_0.vcxproj", "{4E33AD00-515F-486A-AC13-F883D2B8F9F8}"
EndProject
Project("{8BC9CEB8-8B4A-11D0-8D11-00A0C91BC942}") = "ch10_1", "ch10_1\ch10_1.vcxproj", "{CC489DB6-0176-465B-BB09-B23ECAE3218E}"
EndProject
Project("{8BC9CEB8-8B4A-11D0-8D11-00A0C91BC942}") = "ch10_2", "ch10_2\ch10_2.vcxproj", "{C1D36E29-B9A5-4465-A392-07E432BEB463}"
EndProject
Project("{8BC9CEB8-8B4A-11D0-8D11-00A0C91BC942}") = "ch10_3", "ch10_3\ch10_3.vcxproj", "{33804506-548B-47D5-91D1-B243A73E2514}"
EndProject
Project("{8BC9CEB8-8B4A-11D0-8D11-00A0C91BC942}") = "ch11_1", "ch11_1\ch11_1.vcxproj", "{9DFF7AEF-5E00-4887-9397-007A51277AB4}"
EndProject
Project("{8BC9CEB8-8B4A-11D0-8D11-00A0C91BC942}") = "ch11_2", "ch11_2\ch11_2.vcxproj", "{A546208C-B437-4E5D-8203-DE417F807CDD}"
EndProject
Project("{8BC9CEB8-8B4A-11D0-8D11-00A0C91BC942}") = "ch11_3", "ch11_3\ch11_3.vcxproj", "{02C6F6AB-5B65-4C0C-AE75-CDBF7E029619}"
EndProject
Project("{8BC9CEB8-8B4A-11D0-8D11-00A0C91BC942}") = "ch12", "ch12\ch12.vcxproj", "{F6DBD2B0-011A-4CBE-9BF6-FB37DD81CD3E}"
EndProject
Project("{8BC9CEB8-8B4A-11D0-8D11-00A0C91BC942}") = "ch13", "ch13\ch13.vcxproj", "{D6A484A8-0D39-48D8-9822-E90A59F2E57E}"
EndProject
Global
	GlobalSection(SolutionConfigurationPlatforms) = preSolution
		Debug|x64 = Debug|x64
		Debug|x86 = Debug|x86
		Release|x64 = Release|x64
		Release|x86 = Release|x86
	EndGlobalSection
	GlobalSection(ProjectConfigurationPlatforms) = postSolution
		{D1D53A36-95A1-4A8B-A194-7F95B5AA853C}.Debug|x64.ActiveCfg = Debug|x64
		{D1D53A36-95A1-4A8B-A194-7F95B5AA853C}.Debug|x64.Build.0 = Debug|x64
		{D1D53A36-95A1-4A8B-A194-7F95B5AA853C}.Debug|x86.ActiveCfg = Debug|Win32
		{D1D53A36-95A1-4A8B-A194-7F95B5AA853C}.Debug|x86.Build.0 = Debug|Win32
		{D1D53A36-95A1-4A8B-A194-7F95B5AA853C}.Release|x64.ActiveCfg = Release|x64
		{D1D53A36-95A1-4A8B-A194-7F95B5AA853C}.Release|x64.Build.0 = Release|x64
		{D1D53A36-95A1-4A8B-A194-7F95B5AA853C}.Release|x86.ActiveCfg = Release|Win32
		{D1D53A36-95A1-4A8B-A194-7F95B5AA853C}.Release|x86.Build.0 = Release|Win32
		{C3F370FB-6EE1-4E33-A6A4-ECC956D86CF5}.Debug|x64.ActiveCfg = Debug|x64
		{C3F370FB-6EE1-4E33-A6A4-ECC956D86CF5}.Debug|x64.Build.0 = Debug|x64
		{C3F370FB-6EE1-4E33-A6A4-ECC956D86CF5}.Debug|x86.ActiveCfg = Debug|Win32
		{C3F370FB-6EE1-4E33-A6A4-ECC956D86CF5}.Debug|x86.Build.0 = Debug|Win32
		{C3F370FB-6EE1-4E33-A6A4-ECC956D86CF5}.Release|x64.ActiveCfg = Release|x64
		{C3F370FB-6EE1-4E33-A6A4-ECC956D86CF5}.Release|x64.Build.0 = Release|x64
		{C3F370FB-6EE1-4E33-A6A4-ECC956D86CF5}.Release|x86.ActiveCfg = Release|Win32
		{C3F370FB-6EE1-4E33-A6A4-ECC956D86CF5}.Release|x86.Build.0 = Release|Win32
		{D5E18C9F-9B5D-4544-BB81-4C1C7F87BFC0}.Debug|x64.ActiveCfg = Debug|x64
		{D5E18C9F-9B5D-4544-BB81-4C1C7F87BFC0}.Debug|x64.Build.0 = Debug|x64
		{D5E18C9F-9B5D-4544-BB81-4C1C7F87BFC0}.Debug|x86.ActiveCfg = Debug|Win32
		{D5E18C9F-9B5D-4544-BB81-4C1C7F87BFC0}.Debug|x86.Build.0 = Debug|Win32
		{D5E18C9F-9B5D-4544-BB81-4C1C7F87BFC0}.Release|x64.ActiveCfg = Release|x64
		{D5E18C9F-9B5D-4544-BB81-4C1C7F87BFC0}.Release|x64.Build.0 = Release|x64
		{D5E18C9F-9B5D-4544-BB81-4C1C7F87BFC0}.Release|x86.ActiveCfg = Release|Win32
		{D5E18C9F-9B5D-4544-BB81-4C1C7F87BFC0}.Release|x86.Build.0 = Release|Win32
		{7AF6BE0B-72EF-4B1A-857A-2F66B83857A4}.Debug|x64.ActiveCfg = Debug|x64
		{7AF6BE0B-72EF-4B1A-857A-2F66B83857A4}.Debug|x64.Build.0 = Debug|x64
		{7AF6BE0B-72EF-4B1A-857A-2F66B83857A4}.Debug|x86.ActiveCfg = Debug|Win32
		{7AF6BE0B-72EF-4B1A-857A-2F66B83857A4}.Debug|x86.Build.0 = Debug|Win32
		{7AF6BE0B-72EF-4B1A-857A-2F66B83857A4}.Release|x64.ActiveCfg = Release|x64
		{7AF6BE0B-72EF-4B1A-857A-2F66B83857A4}.Release|x64.Build.0 = Release|x64
		{7AF6BE0B-72EF-4B1A-857A-2F66B83857A4}.Release|x86.ActiveCfg = Release|Win32
		{7AF6BE0B-72EF-4B1A-857A-2F66B83857A4}.Release|x86.Build.0 = Release|Win32
		{1094D138-FFE2-4459-BACF-E5F6DCD03605}.Debug|x64.ActiveCfg = Debug|x64
		{1094D138-FFE2-4459-BACF-E5F6DCD03605}.Debug|x64.Build.0 = Debug|x64
		{1094D138-FFE2-4459-BACF-E5F6DCD03605}.Debug|x86.ActiveCfg = Debug|Win32
		{1094D138-FFE2-4459-BACF-E5F6DCD03605}.Debug|x86.Build.0 = Debug|Win32
		{1094D138-FFE2-4459-BACF-E5F6DCD03605}.Release|x64.ActiveCfg = Release|x64
		{1094D138-FFE2-4459-BACF-E5F6DCD03605}.Release|x64.Build.0 = Release|x64
		{1094D138-FFE2-4459-BACF-E5F6DCD03605}.Release|x86.ActiveCfg = Release|Win32
		{1094D138-FFE2-4459-BACF-E5F6DCD03605}.Release|x86.Build.0 = Release|Win32
		{580359EC-2606-4C84-BD90-B9207FC7CF58}.Debug|x64.ActiveCfg = Debug|x64
		{580359EC-2606-4C84-BD90-B9207FC7CF58}.Debug|x64.Build.0 = Debug|x64
		{580359EC-2606-4C84-BD90-B9207FC7CF58}.Debug|x86.ActiveCfg = Debug|Win32
		{580359EC-2606-4C84-BD90-B9207FC7CF58}.Debug|x86.Build.0 = Debug|Win32
		{580359EC-2606-4C84-BD90-B9207FC7CF58}.Release|x64.ActiveCfg = Release|x64
		{580359EC-2606-4C84-BD90-B9207FC7CF58}.Release|x64.Build.0 = Release|x64
		{580359EC-2606-4C84-BD90-B9207FC7CF58}.Release|x86.ActiveCfg = Release|Win32
		{580359EC-2606-4C84-BD90-B9207FC7CF58}.Release|x86.Build.0 = Release|Win32
		{BDB1CB30-A493-4004-9F84-0BD4D46ADB06}.Debug|x64.ActiveCfg = Debug|x64
		{BDB1CB30-A493-4004-9F84-0BD4D46ADB06}.Debug|x64.Build.0 = Debug|x64
		{BDB1CB30-A493-4004-9F84-0BD4D46ADB06}.Debug|x86.ActiveCfg = Debug|Win32
		{BDB1CB30-A493-4004-9F84-0BD4D46ADB06}.Debug|x86.Build.0 = Debug|Win32
		{BDB1CB30-A493-4004-9F84-0BD4D46ADB06}.Release|x64.ActiveCfg = Release|x64
		{BDB1CB30-A493-4004-9F84-0BD4D46ADB06}.Release|x64.Build.0 = Release|x64
		{BDB1CB30-A493-4004-9F84-0BD4D46ADB06}.Release|x86.ActiveCfg = Release|Win32
		{BDB1CB30-A493-4004-9F84-0BD4D46ADB06}.Release|x86.Build.0 = Release|Win32
		{AC28190A-3B0F-43AF-AB00-A6FB4F95ADC9}.Debug|x64.ActiveCfg = Debug|x64
		{AC28190A-3B0F-43AF-AB00-A6FB4F95ADC9}.Debug|x64.Build.0 = Debug|x64
		{AC28190A-3B0F-43AF-AB00-A6FB4F95ADC9}.Debug|x86.ActiveCfg = Debug|Win32
		{AC28190A-3B0F-43AF-AB00-A6FB4F95ADC9}.Debug|x86.Build.0 = Debug|Win32
		{AC28190A-3B0F-43AF-AB00-A6FB4F95ADC9}.Release|x64.ActiveCfg = Release|x64
		{AC28190A-3B0F-43AF-AB00-A6FB4F95ADC9}.Release|x64.Build.0 = Release|x64
		{AC28190A-3B0F-43AF-AB00-A6FB4F95ADC9}.Release|x86.ActiveCfg = Release|Win32
		{AC28190A-3B0F-43AF-AB00-A6FB4F95ADC9}.Release|x86.Build.0 = Release|Win32
		{FAF7C7DA-77AA-4590-AEEF-509A289C5328}.Debug|x64.ActiveCfg = Debug|x64
		{FAF7C7DA-77AA-4590-AEEF-509A289C5328}.Debug|x64.Build.0 = Debug|x64
		{FAF7C7DA-77AA-4590-AEEF-509A289C5328}.Debug|x86.ActiveCfg = Debug|Win32
		{FAF7C7DA-77AA-4590-AEEF-509A289C5328}.Debug|x86.Build.0 = Debug|Win32
		{FAF7C7DA-77AA-4590-AEEF-509A289C5328}.Release|x64.ActiveCfg = Release|x64
		{FAF7C7DA-77AA-4590-AEEF-509A289C5328}.Release|x64.Build.0 = Release|x64
		{FAF7C7DA-77AA-4590-AEEF-509A289C5328}.Release|x86.ActiveCfg = Release|Win32
		{FAF7C7DA-77AA-4590-AEEF-509A289C5328}.Release|x86.Build.0 = Release|Win32
		{0B9A8890-8E10-4203-9783-812BC5041F35}.Debug|x64.ActiveCfg = Debug|x64
		{0B9A8890-8E10-4203-9783-812BC5041F35}.Debug|x64.Build.0 = Debug|x64
		{0B9A8890-8E10-4203-9783-812BC5041F35}.Debug|x86.ActiveCfg = Debug|Win32
		{0B9A8890-8E10-4203-9783-812BC5041F35}.Debug|x86.Build.0 = Debug|Win32
		{0B9A8890-8E10-4203-9783-812BC5041F35}.Release|x64.ActiveCfg = Release|x64
		{0B9A8890-8E10-4203-9783-812BC5041F35}.Release|x64.Build.0 = Release|x64
		{0B9A8890-8E10-4203-9783-812BC5041F35}.Release|x86.ActiveCfg = Release|Win32
		{0B9A8890-8E10-4203-9783-812BC5041F35}.Release|x86.Build.0 = Release|Win32
		{71813AAF-AACF-4B84-AE63-40FD7606B943}.Debug|x64.ActiveCfg = Debug|x64
		{71813AAF-AACF-4B84-AE63-40FD7606B943}.Debug|x64.Build.0 = Debug|x64
		{71813AAF-AACF-4B84-AE63-40FD7606B943}.Debug|x86.ActiveCfg = Debug|Win32
		{71813AAF-AACF-4B84-AE63-40FD7606B943}.Debug|x86.Build.0 = Debug|Win32
		{71813AAF-AACF-4B84-AE63-40FD7606B943}.Release|x64.ActiveCfg = Release|x64
		{71813AAF-AACF-4B84-AE63-40FD7606B943}.Release|x64.Build.0 = Release|x64
		{71813AAF-AACF-4B84-AE63-40FD7606B943}.Release|x86.ActiveCfg = Release|Win32
		{71813AAF-AACF-4B84-AE63-40FD7606B943}.Release|x86.Build.0 = Release|Win32
		{64DC742A-95F4-40B8-BA94-803C56392BEB}.Debug|x64.ActiveCfg = Debug|x64
		{64DC742A-95F4-40B8-BA94-803C56392BEB}.Debug|x64.Build.0 = Debug|x64
		{64DC742A-95F4-40B8-BA94-803C56392BEB}.Debug|x86.ActiveCfg = Debug|Win32
		{64DC742A-95F4-40B8-BA94-803C56392BEB}.Debug|x86.Build.0 = Debug|Win32
		{64DC742A-95F4-40B8-BA94-803C56392BEB}.Release|x64.ActiveCfg = Release|x64
		{64DC742A-95F4-40B8-BA94-803C56392BEB}.Release|x64.Build.0 = Release|x64
		{64DC742A-95F4-40B8-BA94-803C56392BEB}.Release|x86.ActiveCfg = Release|Win32
		{64DC742A-95F4-40B8-BA94-803C56392BEB}.Release|x86.Build.0 = Release|Win32
		{EE62250A-247D-43AC-BF1A-5C754B892D65}.Debug|x64.ActiveCfg = Debug|x64
		{EE62250A-247D-43AC-BF1A-5C754B892D65}.Debug|x64.Build.0 = Debug|x64
		{EE62250A-247D-43AC-BF1A-5C754B892D65}.Debug|x86.ActiveCfg = Debug|Win32
		{EE62250A-247D-43AC-BF1A-5C754B892D65}.Debug|x86.Build.0 = Debug|Win32
		{EE62250A-247D-43AC-BF1A-5C754B892D65}.Release|x64.ActiveCfg = Release|x64
		{EE62250A-247D-43AC-BF1A-5C754B892D65}.Release|x64.Build.0 = Release|x64
		{EE62250A-247D-43AC-BF1A-5C754B892D65}.Release|x86.ActiveCfg = Release|Win32
		{EE62250A-247D-43AC-BF1A-5C754B892D65}.Release|x86.Build.0 = Release|Win32
		{49F9D008-9182-43FC-92A9-3B24700FB069}.Debug|x64.ActiveCfg = Debug|x64
		{49F9D008-9182-43FC-92A9-3B24700FB069}.Debug|x64.Build.0 = Debug|x64
		{49F9D008-9182-43FC-92A9-3B24700FB069}.Debug|x86.ActiveCfg = Debug|Win32
		{49F9D008-9182-43FC-92A9-3B24700FB069}.Debug|x86.Build.0 = Debug|Win32
		{49F9D008-9182-43FC-92A9-3B24700FB069}.Release|x64.ActiveCfg = Release|x64
		{49F9D008-9182-43FC-92A9-3B24700FB069}.Release|x64.Build.0 = Release|x64
		{49F9D008-9182-43FC-92A9-3B24700FB069}.Release|x86.ActiveCfg = Release|Win32
		{49F9D008-9182-43FC-92A9-3B24700FB069}.Release|x86.Build.0 = Release|Win32
		{7B9618D6-34AF-44CF-BD97-01C805DFE2B4}.Debug|x64.ActiveCfg = Debug|x64
		{7B9618D6-34AF-44CF-BD97-01C805DFE2B4}.Debug|x64.Build.0 = Debug|x64
		{7B9618D6-34AF-44CF-BD97-01C805DFE2B4}.Debug|x86.ActiveCfg = Debug|Win32
		{7B9618D6-34AF-44CF-BD97-01C805DFE2B4}.Debug|x86.Build.0 = Debug|Win32
		{7B9618D6-34AF-44CF-BD97-01C805DFE2B4}.Release|x64.ActiveCfg = Release|x64
		{7B9618D6-34AF-44CF-BD97-01C805DFE2B4}.Release|x64.Build.0 = Release|x64
		{7B9618D6-34AF-44CF-BD97-01C805DFE2B4}.Release|x86.ActiveCfg = Release|Win32
		{7B9618D6-34AF-44CF-BD97-01C805DFE2B4}.Release|x86.Build.0 = Release|Win32
		{4E33AD00-515F-486A-AC13-F883D2B8F9F8}.Debug|x64.ActiveCfg = Debug|x64
		{4E33AD00-515F-486A-AC13-F883D2B8F9F8}.Debug|x64.Build.0 = Debug|x64
		{4E33AD00-515F-486A-AC13-F883D2B8F9F8}.Debug|x86.ActiveCfg = Debug|Win32
		{4E33AD00-515F-486A-AC13-F883D2B8F9F8}.Debug|x86.Build.0 = Debug|Win32
		{4E33AD00-515F-486A-AC13-F883D2B8F9F8}.Release|x64.ActiveCfg = Release|x64
		{4E33AD00-515F-486A-AC13-F883D2B8F9F8}.Release|x64.Build.0 = Release|x64
		{4E33AD00-515F-486A-AC13-F883D2B8F9F8}.Release|x86.ActiveCfg = Release|Win32
		{4E33AD00-515F-486A-AC13-F883D2B8F9F8}.Release|x86.Build.0 = Release|Win32
		{CC489DB6-0176-465B-BB09-B23ECAE3218E}.Debug|x64.ActiveCfg = Debug|x64
		{CC489DB6-0176-465B-BB09-B23ECAE3218E}.Debug|x64.Build.0 = Debug|x64
		{CC489DB6-0176-465B-BB09-B23ECAE3218E}.Debug|x86.ActiveCfg = Debug|Win32
		{CC489DB6-0176-465B-BB09-B23ECAE3218E}.Debug|x86.Build.0 = Debug|Win32
		{CC489DB6-0176-465B-BB09-B23ECAE3218E}.Release|x64.ActiveCfg = Release|x64
		{CC489DB6-0176-465B-BB09-B23ECAE3218E}.Release|x64.Build.0 = Release|x64
		{CC489DB6-0176-465B-BB09-B23ECAE3218E}.Release|x86.ActiveCfg = Release|Win32
		{CC489DB6-0176-465B-BB09-B23ECAE3218E}.Release|x86.Build.0 = Release|Win32
		{C1D36E29-B9A5-4465-A392-07E432BEB463}.Debug|x64.ActiveCfg = Debug|x64
		{C1D36E29-B9A5-4465-A392-07E432BEB463}.Debug|x64.Build.0 = Debug|x64
		{C1D36E29-B9A5-4465-A392-07E432BEB463}.Debug|x86.ActiveCfg = Debug|Win32
		{C1D36E29-B9A5-4465-A392-07E432BEB463}.Debug|x86.Build.0 = Debug|Win32
		{C1D36E29-B9A5-4465-A392-07E432BEB463}.Release|x64.ActiveCfg = Release|x64
		{C1D36E29-B9A5-4465-A392-07E432BEB463}.Release|x64.Build.0 = Release|x64
		{C1D36E29-B9A5-4465-A392-07E432BEB463}.Release|x86.ActiveCfg = Release|Win32
		{C1D36E29-B9A5-4465-A392-07E432BEB463}.Release|x86.Build.0 = Release|Win32
		{33804506-548B-47D5-91D1-B243A73E2514}.Debug|x64.ActiveCfg = Debug|x64
		{33804506-548B-47D5-91D1-B243A73E2514}.Debug|x64.Build.0 = Debug|x64
		{33804506-548B-47D5-91D1-B243A73E2514}.Debug|x86.ActiveCfg = Debug|Win32
		{33804506-548B-47D5-91D1-B243A73E2514}.Debug|x86.Build.0 = Debug|Win32
		{33804506-548B-47D5-91D1-B243A73E2514}.Release|x64.ActiveCfg = Release|x64
		{33804506-548B-47D5-91D1-B243A73E2514}.Release|x64.Build.0 = Release|x64
		{33804506-548B-47D5-91D1-B243A73E2514}.Release|x86.ActiveCfg = Release|Win32
		{33804506-548B-47D5-91D1-B243A73E2514}.Release|x86.Build.0 = Release|Win32
		{9DFF7AEF-5E00-4887-9397-007A51277AB4}.Debug|x64.ActiveCfg = Debug|x64
		{9DFF7AEF-5E00-4887-9397-007A51277AB4}.Debug|x64.Build.0 = Debug|x64
		{9DFF7AEF-5E00-4887-9397-007A51277AB4}.Debug|x86.ActiveCfg = Debug|Win32
		{9DFF7AEF-5E00-4887-9397-007A51277AB4}.Debug|x86.Build.0 = Debug|Win32
		{9DFF7AEF-5E00-4887-9397-007A51277AB4}.Release|x64.ActiveCfg = Release|x64
		{9DFF7AEF-5E00-4887-9397-007A51277AB4}.Release|x64.Build.0 = Release|x64
		{9DFF7AEF-5E00-4887-9397-007A51277AB4}.Release|x86.ActiveCfg = Release|Win32
		{9DFF7AEF-5E00-4887-9397-007A51277AB4}.Release|x86.Build.0 = Release|Win32
		{A546208C-B437-4E5D-8203-DE417F807CDD}.Debug|x64.ActiveCfg = Debug|x64
		{A546208C-B437-4E5D-8203-DE417F807CDD}.Debug|x64.Build.0 = Debug|x64
		{A546208C-B437-4E5D-8203-DE417F807CDD}.Debug|x86.ActiveCfg = Debug|Win32
		{A546208C-B437-4E5D-8203-DE417F807CDD}.Debug|x86.Build.0 = Debug|Win32
		{A546208C-B437-4E5D-8203-DE417F807CDD}.Release|x64.ActiveCfg = Release|x64
		{A546208C-B437-4E5D-8203-DE417F807CDD}.Release|x64.Build.0 = Release|x64
		{A546208C-B437-4E5D-8203-DE417F807CDD}.Release|x86.ActiveCfg = Release|Win32
		{A546208C-B437-4E5D-8203-DE417F807CDD}.Release|x86.Build.0 = Release|Win32
		{02C6F6AB-5B65-4C0C-AE75-CDBF7E029619}.Debug|x64.ActiveCfg = Debug|x64
		{02C6F6AB-5B65-4C0C-AE75-CDBF7E029619}.Debug|x64.Build.0 = Debug|x64
		{02C6F6AB-5B65-4C0C-AE75-CDBF7E029619}.Debug|x86.ActiveCfg = Debug|Win32
		{02C6F6AB-5B65-4C0C-AE75-CDBF7E029619}.Debug|x86.Build.0 = Debug|Win32
		{02C6F6AB-5B65-4C0C-AE75-CDBF7E029619}.Release|x64.ActiveCfg = Release|x64
		{02C6F6AB-5B65-4C0C-AE75-CDBF7E029619}.Release|x64.Build.0 = Release|x64
		{02C6F6AB-5B65-4C0C-AE75-CDBF7E029619}.Release|x86.ActiveCfg = Release|Win32
		{02C6F6AB-5B65-4C0C-AE75-CDBF7E029619}.Release|x86.Build.0 = Release|Win32
		{F6DBD2B0-011A-4CBE-9BF6-FB37DD81CD3E}.Debug|x64.ActiveCfg = Debug|x64
		{F6DBD2B0-011A-4CBE-9BF6-FB37DD81CD3E}.Debug|x64.Build.0 = Debug|x64
		{F6DBD2B0-011A-4CBE-9BF6-FB37DD81CD3E}.Debug|x86.ActiveCfg = Debug|Win32
		{F6DBD2B0-011A-4CBE-9BF6-FB37DD81CD3E}.Debug|x86.Build.0 = Debug|Win32
		{F6DBD2B0-011A-4CBE-9BF6-FB37DD81CD3E}.Release|x64.ActiveCfg = Release|x64
		{F6DBD2B0-011A-4CBE-9BF6-FB37DD81CD3E}.Release|x64.Build.0 = Release|x64
		{F6DBD2B0-011A-4CBE-9BF6-FB37DD81CD3E}.Release|x86.ActiveCfg = Release|Win32
		{F6DBD2B0-011A-4CBE-9BF6-FB37DD81CD3E}.Release|x86.Build.0 = Release|Win32
		{D6A484A8-0D39-48D8-9822-E90A59F2E57E}.Debug|x64.ActiveCfg = Debug|x64
		{D6A484A8-0D39-48D8-9822-E90A59F2E57E}.Debug|x64.Build.0 = Debug|x64
		{D6A484A8-0D39-48D8-9822-E90A59F2E57E}.Debug|x86.ActiveCfg = Debug|Win32
		{D6A484A8-0D39-48D8-9822-E90A59F2E57E}.Debug|x86.Build.0 = Debug|Win32
		{D6A484A8-0D39-48D8-9822-E90A59F2E57E}.Release|x64.ActiveCfg = Release|x64
		{D6A484A8-0D39-48D8-9822-E90A59F2E57E}.Release|x64.Build.0 = Release|x64
		{D6A484A8-0D39-48D8-9822-E90A59F2E57E}.Release|x86.ActiveCfg = Release|Win32
		{D6A484A8-0D39-48D8-9822-E90A59F2E57E}.Release|x86.Build.0 = Release|Win32
	EndGlobalSection
	GlobalSection(SolutionProperties) = preSolution
		HideSolutionNode = FALSE
	EndGlobalSection
	GlobalSection(ExtensibilityGlobals) = postSolution
		SolutionGuid = {68E362DC-B948-47AF-9837-B17C2380625F}
	EndGlobalSection
EndGlobal
